
Microsoft Visual Studio Solution File, Format Version 12.00
# Visual Studio Version 17
VisualStudioVersion = 17.11.34929.205
MinimumVisualStudioVersion = 10.0.40219.1
Project("{FAE04EC0-301F-11D3-BF4B-00C04F79EFBC}") = "CronJobs", "CronJobs\CronJobs.csproj", "{C6A05684-D543-4EE2-BCDA-DDE6C2B385C5}"
EndProject
Global
	GlobalSection(SolutionConfigurationPlatforms) = preSolution
		Debug|Any CPU = Debug|Any CPU
		Release|Any CPU = Release|Any CPU
	EndGlobalSection
	GlobalSection(ProjectConfigurationPlatforms) = postSolution
		{C6A05684-D543-4EE2-BCDA-DDE6C2B385C5}.Debug|Any CPU.ActiveCfg = Debug|Any CPU
		{C6A05684-D543-4EE2-BCDA-DDE6C2B385C5}.Debug|Any CPU.Build.0 = Debug|Any CPU
		{C6A05684-D543-4EE2-BCDA-DDE6C2B385C5}.Release|Any CPU.ActiveCfg = Release|Any CPU
		{C6A05684-D543-4EE2-BCDA-DDE6C2B385C5}.Release|Any CPU.Build.0 = Release|Any CPU
	EndGlobalSection
	GlobalSection(SolutionProperties) = preSolution
		HideSolutionNode = FALSE
	EndGlobalSection
	GlobalSection(ExtensibilityGlobals) = postSolution
		SolutionGuid = {BE790D57-32C3-4828-B476-D9216DEBFE65}
	EndGlobalSection
EndGlobal
